PODS:
  - fast_contacts (0.0.1):
    - Flutter
  - Flutter (1.0.0)
  - permission_handler_apple (9.1.1):
    - Flutter

DEPENDENCIES:
  - fast_contacts (from `.symlinks/plugins/fast_contacts/ios`)
  - Flutter (from `Flutter`)
  - permission_handler_apple (from `.symlinks/plugins/permission_handler_apple/ios`)

EXTERNAL SOURCES:
  fast_contacts:
    :path: ".symlinks/plugins/fast_contacts/ios"
  Flutter:
    :path: Flutter
  permission_handler_apple:
    :path: ".symlinks/plugins/permission_handler_apple/ios"

SPEC CHECKSUMS:
  fast_contacts: dd81973c756255b622b9f272a8432ba230bcf13d
  Flutter: cabc95a1d2626b1b06e7179b784ebcf0c0cde467
  permission_handler_apple: 3787117e48f80715ff04a3830ca039283d6a4f29

PODFILE CHECKSUM: 0dbd5a87e0ace00c9610d2037ac22083a01f861d

COCOAPODS: 1.16.2
